// !$*UTF8*$!
{
	archiveVersion = 1;
	classes = {
	};
	objectVersion = 46;
	objects = {

/* Begin PBXBuildFile section */
		A00C495EB8E0B42B7AD3988E /* Pods_MyFlightSearchApp.framework in Frameworks */ = {isa = PBXBuildFile; fileRef = F6580ED964328D0C76C733DC /* Pods_MyFlightSearchApp.framework */; };
		D900B2271EADDEB500C1A077 /* Util.swift in Sources */ = {isa = PBXBuildFile; fileRef = D900B2261EADDEB500C1A077 /* Util.swift */; };
		D900B22A1EAE400700C1A077 /* AirportSearchViewController.swift in Sources */ = {isa = PBXBuildFile; fileRef = D900B2291EAE400700C1A077 /* AirportSearchViewController.swift */; };
		D900B22C1EAE402500C1A077 /* AirportSearchViewModel.swift in Sources */ = {isa = PBXBuildFile; fileRef = D900B22B1EAE402500C1A077 /* AirportSearchViewModel.swift */; };
		D900B22E1EAE403C00C1A077 /* AirportSearchView.xib in Resources */ = {isa = PBXBuildFile; fileRef = D900B22D1EAE403C00C1A077 /* AirportSearchView.xib */; };
		D9050F7E1EAF395400D8E9AD /* Constants.swift in Sources */ = {isa = PBXBuildFile; fileRef = D9050F7D1EAF395400D8E9AD /* Constants.swift */; };
		D90CD7281EAD0E8100AB2CF9 /* Airport.swift in Sources */ = {isa = PBXBuildFile; fileRef = D90CD7271EAD0E8100AB2CF9 /* Airport.swift */; };
		D90CD72A1EAD0F4500AB2CF9 /* AirportParser.swift in Sources */ = {isa = PBXBuildFile; fileRef = D90CD7291EAD0F4500AB2CF9 /* AirportParser.swift */; };
		D91306171EB770C3000372DA /* AirportSearchViewCell.swift in Sources */ = {isa = PBXBuildFile; fileRef = D91306161EB770C3000372DA /* AirportSearchViewCell.swift */; };
		D91306191EB770CE000372DA /* AirportSearchViewCell.xib in Resources */ = {isa = PBXBuildFile; fileRef = D91306181EB770CE000372DA /* AirportSearchViewCell.xib */; };
		D913061C1EB7894A000372DA /* airports.json in Resources */ = {isa = PBXBuildFile; fileRef = D913061B1EB7894A000372DA /* airports.json */; };
		D914E6B11EA6A2F2005C4541 /* AppDelegate.swift in Sources */ = {isa = PBXBuildFile; fileRef = D914E6B01EA6A2F2005C4541 /* AppDelegate.swift */; };
		D914E6B81EA6A2F2005C4541 /* Assets.xcassets in Resources */ = {isa = PBXBuildFile; fileRef = D914E6B71EA6A2F2005C4541 /* Assets.xcassets */; };
		D914E6BB1EA6A2F2005C4541 /* LaunchScreen.storyboard in Resources */ = {isa = PBXBuildFile; fileRef = D914E6B91EA6A2F2005C4541 /* LaunchScreen.storyboard */; };
		D914E6CA1EA6A432005C4541 /* MainViewController.swift in Sources */ = {isa = PBXBuildFile; fileRef = D914E6C91EA6A432005C4541 /* MainViewController.swift */; };
		D914E6CC1EA6A440005C4541 /* MainView.xib in Resources */ = {isa = PBXBuildFile; fileRef = D914E6CB1EA6A440005C4541 /* MainView.xib */; };
		D914E6CE1EA6A459005C4541 /* MainViewModel.swift in Sources */ = {isa = PBXBuildFile; fileRef = D914E6CD1EA6A459005C4541 /* MainViewModel.swift */; };
		D914E6D11EA6A4DB005C4541 /* Trip.swift in Sources */ = {isa = PBXBuildFile; fileRef = D914E6D01EA6A4DB005C4541 /* Trip.swift */; };
		D914E6D31EA6A507005C4541 /* Parser.swift in Sources */ = {isa = PBXBuildFile; fileRef = D914E6D21EA6A507005C4541 /* Parser.swift */; };
		D914E6D51EA6A516005C4541 /* TripParser.swift in Sources */ = {isa = PBXBuildFile; fileRef = D914E6D41EA6A516005C4541 /* TripParser.swift */; };
		D914E6D71EA6A6CC005C4541 /* FlightSearchViewModel.swift in Sources */ = {isa = PBXBuildFile; fileRef = D914E6D61EA6A6CC005C4541 /* FlightSearchViewModel.swift */; };
		D914E6D91EA6A6E0005C4541 /* FlightSearchViewController.swift in Sources */ = {isa = PBXBuildFile; fileRef = D914E6D81EA6A6E0005C4541 /* FlightSearchViewController.swift */; };
		D914E6DB1EA6A6FD005C4541 /* FlightSearchView.xib in Resources */ = {isa = PBXBuildFile; fileRef = D914E6DA1EA6A6FD005C4541 /* FlightSearchView.xib */; };
		D914E6DE1EA6A784005C4541 /* FlightSearchCell.swift in Sources */ = {isa = PBXBuildFile; fileRef = D914E6DD1EA6A784005C4541 /* FlightSearchCell.swift */; };
		D914E6E01EA6A78F005C4541 /* FlightSearchCell.xib in Resources */ = {isa = PBXBuildFile; fileRef = D914E6DF1EA6A78F005C4541 /* FlightSearchCell.xib */; };
		D917E1E21EA8D906002E345A /* Airplane.png in Resources */ = {isa = PBXBuildFile; fileRef = D917E1DF1EA8D906002E345A /* Airplane.png */; };
		D917E1E31EA8D906002E345A /* Airplane@2x.png in Resources */ = {isa = PBXBuildFile; fileRef = D917E1E01EA8D906002E345A /* Airplane@2x.png */; };
		D917E1E41EA8D906002E345A /* Airplane@3x.png in Resources */ = {isa = PBXBuildFile; fileRef = D917E1E11EA8D906002E345A /* Airplane@3x.png */; };
		D9197BB41EBA08AA005C8878 /* Delete.png in Resources */ = {isa = PBXBuildFile; fileRef = D9197BB11EBA08AA005C8878 /* Delete.png */; };
		D9197BB51EBA08AA005C8878 /* Delete@2x.png in Resources */ = {isa = PBXBuildFile; fileRef = D9197BB21EBA08AA005C8878 /* Delete@2x.png */; };
		D9197BB61EBA08AA005C8878 /* Delete@3x.png in Resources */ = {isa = PBXBuildFile; fileRef = D9197BB31EBA08AA005C8878 /* Delete@3x.png */; };
		D947B46C1EBF711B00DE007A /* Minus.png in Resources */ = {isa = PBXBuildFile; fileRef = D947B4661EBF711B00DE007A /* Minus.png */; };
		D947B46D1EBF711B00DE007A /* Minus@2x.png in Resources */ = {isa = PBXBuildFile; fileRef = D947B4671EBF711B00DE007A /* Minus@2x.png */; };
		D947B46E1EBF711B00DE007A /* Minus@3x.png in Resources */ = {isa = PBXBuildFile; fileRef = D947B4681EBF711B00DE007A /* Minus@3x.png */; };
		D947B46F1EBF711B00DE007A /* Plus.png in Resources */ = {isa = PBXBuildFile; fileRef = D947B4691EBF711B00DE007A /* Plus.png */; };
		D947B4701EBF711B00DE007A /* Plus@2x.png in Resources */ = {isa = PBXBuildFile; fileRef = D947B46A1EBF711B00DE007A /* Plus@2x.png */; };
		D947B4711EBF711B00DE007A /* Plus@3x.png in Resources */ = {isa = PBXBuildFile; fileRef = D947B46B1EBF711B00DE007A /* Plus@3x.png */; };
		D947B47B1EBFAFE400DE007A /* Plus-disabled.png in Resources */ = {isa = PBXBuildFile; fileRef = D947B4781EBFAFE400DE007A /* Plus-disabled.png */; };
		D947B47C1EBFAFE400DE007A /* Plus-disabled@2x.png in Resources */ = {isa = PBXBuildFile; fileRef = D947B4791EBFAFE400DE007A /* Plus-disabled@2x.png */; };
		D947B47D1EBFAFE400DE007A /* Plus-disabled@3x.png in Resources */ = {isa = PBXBuildFile; fileRef = D947B47A1EBFAFE400DE007A /* Plus-disabled@3x.png */; };
		D947B4871EBFDB9400DE007A /* Minus-disabled.png in Resources */ = {isa = PBXBuildFile; fileRef = D947B4841EBFDB9400DE007A /* Minus-disabled.png */; };
		D947B4881EBFDB9400DE007A /* Minus-disabled@2x.png in Resources */ = {isa = PBXBuildFile; fileRef = D947B4851EBFDB9400DE007A /* Minus-disabled@2x.png */; };
		D947B4891EBFDB9400DE007A /* Minus-disabled@3x.png in Resources */ = {isa = PBXBuildFile; fileRef = D947B4861EBFDB9400DE007A /* Minus-disabled@3x.png */; };
/* End PBXBuildFile section */

/* Begin PBXFileReference section */
		2EB42EEDB8FC06FCFB1FD387 /* Pods-MyFlightSearchApp.release.xcconfig */ = {isa = PBXFileReference; includeInIndex = 1; lastKnownFileType = text.xcconfig; name = "Pods-MyFlightSearchApp.release.xcconfig"; path = "Pods/Target Support Files/Pods-MyFlightSearchApp/Pods-MyFlightSearchApp.release.xcconfig"; sourceTree = "<group>"; };
		38767B5668724C03B938B8FF /* Pods-MyFlightSearchApp.debug.xcconfig */ = {isa = PBXFileReference; includeInIndex = 1; lastKnownFileType = text.xcconfig; name = "Pods-MyFlightSearchApp.debug.xcconfig"; path = "Pods/Target Support Files/Pods-MyFlightSearchApp/Pods-MyFlightSearchApp.debug.xcconfig"; sourceTree = "<group>"; };
		D900B2261EADDEB500C1A077 /* Util.swift */ = {isa = PBXFileReference; fileEncoding = 4; lastKnownFileType = sourcecode.swift; path = Util.swift; sourceTree = "<group>"; };
		D900B2291EAE400700C1A077 /* AirportSearchViewController.swift */ = {isa = PBXFileReference; fileEncoding = 4; lastKnownFileType = sourcecode.swift; path = AirportSearchViewController.swift; sourceTree = "<group>"; };
		D900B22B1EAE402500C1A077 /* AirportSearchViewModel.swift */ = {isa = PBXFileReference; fileEncoding = 4; lastKnownFileType = sourcecode.swift; path = AirportSearchViewModel.swift; sourceTree = "<group>"; };
		D900B22D1EAE403C00C1A077 /* AirportSearchView.xib */ = {isa = PBXFileReference; fileEncoding = 4; lastKnownFileType = file.xib; path = AirportSearchView.xib; sourceTree = "<group>"; };
		D9050F7D1EAF395400D8E9AD /* Constants.swift */ = {isa = PBXFileReference; fileEncoding = 4; lastKnownFileType = sourcecode.swift; path = Constants.swift; sourceTree = "<group>"; };
		D90CD7271EAD0E8100AB2CF9 /* Airport.swift */ = {isa = PBXFileReference; fileEncoding = 4; lastKnownFileType = sourcecode.swift; path = Airport.swift; sourceTree = "<group>"; };
		D90CD7291EAD0F4500AB2CF9 /* AirportParser.swift */ = {isa = PBXFileReference; fileEncoding = 4; lastKnownFileType = sourcecode.swift; path = AirportParser.swift; sourceTree = "<group>"; };
		D91306161EB770C3000372DA /* AirportSearchViewCell.swift */ = {isa = PBXFileReference; fileEncoding = 4; lastKnownFileType = sourcecode.swift; path = AirportSearchViewCell.swift; sourceTree = "<group>"; };
		D91306181EB770CE000372DA /* AirportSearchViewCell.xib */ = {isa = PBXFileReference; fileEncoding = 4; lastKnownFileType = file.xib; path = AirportSearchViewCell.xib; sourceTree = "<group>"; };
		D913061B1EB7894A000372DA /* airports.json */ = {isa = PBXFileReference; fileEncoding = 4; lastKnownFileType = text.json; path = airports.json; sourceTree = "<group>"; };
		D914E6AD1EA6A2F2005C4541 /* MyFlightSearchApp.app */ = {isa = PBXFileReference; explicitFileType = wrapper.application; includeInIndex = 0; path = MyFlightSearchApp.app; sourceTree = BUILT_PRODUCTS_DIR; };
		D914E6B01EA6A2F2005C4541 /* AppDelegate.swift */ = {isa = PBXFileReference; lastKnownFileType = sourcecode.swift; path = AppDelegate.swift; sourceTree = "<group>"; };
		D914E6B71EA6A2F2005C4541 /* Assets.xcassets */ = {isa = PBXFileReference; lastKnownFileType = folder.assetcatalog; path = Assets.xcassets; sourceTree = "<group>"; };
		D914E6BA1EA6A2F2005C4541 /* Base */ = {isa = PBXFileReference; lastKnownFileType = file.storyboard; name = Base; path = Base.lproj/LaunchScreen.storyboard; sourceTree = "<group>"; };
		D914E6BC1EA6A2F2005C4541 /* Info.plist */ = {isa = PBXFileReference; lastKnownFileType = text.plist.xml; path = Info.plist; sourceTree = "<group>"; };
		D914E6C91EA6A432005C4541 /* MainViewController.swift */ = {isa = PBXFileReference; fileEncoding = 4; lastKnownFileType = sourcecode.swift; path = MainViewController.swift; sourceTree = "<group>"; };
		D914E6CB1EA6A440005C4541 /* MainView.xib */ = {isa = PBXFileReference; fileEncoding = 4; lastKnownFileType = file.xib; path = MainView.xib; sourceTree = "<group>"; };
		D914E6CD1EA6A459005C4541 /* MainViewModel.swift */ = {isa = PBXFileReference; fileEncoding = 4; lastKnownFileType = sourcecode.swift; path = MainViewModel.swift; sourceTree = "<group>"; };
		D914E6D01EA6A4DB005C4541 /* Trip.swift */ = {isa = PBXFileReference; fileEncoding = 4; lastKnownFileType = sourcecode.swift; path = Trip.swift; sourceTree = "<group>"; };
		D914E6D21EA6A507005C4541 /* Parser.swift */ = {isa = PBXFileReference; fileEncoding = 4; lastKnownFileType = sourcecode.swift; path = Parser.swift; sourceTree = "<group>"; };
		D914E6D41EA6A516005C4541 /* TripParser.swift */ = {isa = PBXFileReference; fileEncoding = 4; lastKnownFileType = sourcecode.swift; path = TripParser.swift; sourceTree = "<group>"; };
		D914E6D61EA6A6CC005C4541 /* FlightSearchViewModel.swift */ = {isa = PBXFileReference; fileEncoding = 4; lastKnownFileType = sourcecode.swift; path = FlightSearchViewModel.swift; sourceTree = "<group>"; };
		D914E6D81EA6A6E0005C4541 /* FlightSearchViewController.swift */ = {isa = PBXFileReference; fileEncoding = 4; lastKnownFileType = sourcecode.swift; path = FlightSearchViewController.swift; sourceTree = "<group>"; };
		D914E6DA1EA6A6FD005C4541 /* FlightSearchView.xib */ = {isa = PBXFileReference; fileEncoding = 4; lastKnownFileType = file.xib; path = FlightSearchView.xib; sourceTree = "<group>"; };
		D914E6DD1EA6A784005C4541 /* FlightSearchCell.swift */ = {isa = PBXFileReference; fileEncoding = 4; lastKnownFileType = sourcecode.swift; path = FlightSearchCell.swift; sourceTree = "<group>"; };
		D914E6DF1EA6A78F005C4541 /* FlightSearchCell.xib */ = {isa = PBXFileReference; fileEncoding = 4; lastKnownFileType = file.xib; path = FlightSearchCell.xib; sourceTree = "<group>"; };
		D917E1DF1EA8D906002E345A /* Airplane.png */ = {isa = PBXFileReference; lastKnownFileType = image.png; path = Airplane.png; sourceTree = "<group>"; };
		D917E1E01EA8D906002E345A /* Airplane@2x.png */ = {isa = PBXFileReference; lastKnownFileType = image.png; path = "Airplane@2x.png"; sourceTree = "<group>"; };
		D917E1E11EA8D906002E345A /* Airplane@3x.png */ = {isa = PBXFileReference; lastKnownFileType = image.png; path = "Airplane@3x.png"; sourceTree = "<group>"; };
		D9197BB11EBA08AA005C8878 /* Delete.png */ = {isa = PBXFileReference; lastKnownFileType = image.png; path = Delete.png; sourceTree = "<group>"; };
		D9197BB21EBA08AA005C8878 /* Delete@2x.png */ = {isa = PBXFileReference; lastKnownFileType = image.png; path = "Delete@2x.png"; sourceTree = "<group>"; };
		D9197BB31EBA08AA005C8878 /* Delete@3x.png */ = {isa = PBXFileReference; lastKnownFileType = image.png; path = "Delete@3x.png"; sourceTree = "<group>"; };
		D947B4661EBF711B00DE007A /* Minus.png */ = {isa = PBXFileReference; lastKnownFileType = image.png; path = Minus.png; sourceTree = "<group>"; };
		D947B4671EBF711B00DE007A /* Minus@2x.png */ = {isa = PBXFileReference; lastKnownFileType = image.png; path = "Minus@2x.png"; sourceTree = "<group>"; };
		D947B4681EBF711B00DE007A /* Minus@3x.png */ = {isa = PBXFileReference; lastKnownFileType = image.png; path = "Minus@3x.png"; sourceTree = "<group>"; };
		D947B4691EBF711B00DE007A /* Plus.png */ = {isa = PBXFileReference; lastKnownFileType = image.png; path = Plus.png; sourceTree = "<group>"; };
		D947B46A1EBF711B00DE007A /* Plus@2x.png */ = {isa = PBXFileReference; lastKnownFileType = image.png; path = "Plus@2x.png"; sourceTree = "<group>"; };
		D947B46B1EBF711B00DE007A /* Plus@3x.png */ = {isa = PBXFileReference; lastKnownFileType = image.png; path = "Plus@3x.png"; sourceTree = "<group>"; };
		D947B4781EBFAFE400DE007A /* Plus-disabled.png */ = {isa = PBXFileReference; lastKnownFileType = image.png; path = "Plus-disabled.png"; sourceTree = "<group>"; };
		D947B4791EBFAFE400DE007A /* Plus-disabled@2x.png */ = {isa = PBXFileReference; lastKnownFileType = image.png; path = "Plus-disabled@2x.png"; sourceTree = "<group>"; };
		D947B47A1EBFAFE400DE007A /* Plus-disabled@3x.png */ = {isa = PBXFileReference; lastKnownFileType = image.png; path = "Plus-disabled@3x.png"; sourceTree = "<group>"; };
		D947B4841EBFDB9400DE007A /* Minus-disabled.png */ = {isa = PBXFileReference; lastKnownFileType = image.png; path = "Minus-disabled.png"; sourceTree = "<group>"; };
		D947B4851EBFDB9400DE007A /* Minus-disabled@2x.png */ = {isa = PBXFileReference; lastKnownFileType = image.png; path = "Minus-disabled@2x.png"; sourceTree = "<group>"; };
		D947B4861EBFDB9400DE007A /* Minus-disabled@3x.png */ = {isa = PBXFileReference; lastKnownFileType = image.png; path = "Minus-disabled@3x.png"; sourceTree = "<group>"; };
		F6580ED964328D0C76C733DC /* Pods_MyFlightSearchApp.framework */ = {isa = PBXFileReference; explicitFileType = wrapper.framework; includeInIndex = 0; path = Pods_MyFlightSearchApp.framework; sourceTree = BUILT_PRODUCTS_DIR; };
/* End PBXFileReference section */

/* Begin PBXFrameworksBuildPhase section */
		D914E6AA1EA6A2F2005C4541 /* Frameworks */ = {
			isa = PBXFrameworksBuildPhase;
			buildActionMask = 2147483647;
			files = (
				A00C495EB8E0B42B7AD3988E /* Pods_MyFlightSearchApp.framework in Frameworks */,
			);
			runOnlyForDeploymentPostprocessing = 0;
		};
/* End PBXFrameworksBuildPhase section */

/* Begin PBXGroup section */
		7FCF63169D4A9792C5794293 /* Pods */ = {
			isa = PBXGroup;
			children = (
				38767B5668724C03B938B8FF /* Pods-MyFlightSearchApp.debug.xcconfig */,
				2EB42EEDB8FC06FCFB1FD387 /* Pods-MyFlightSearchApp.release.xcconfig */,
			);
			name = Pods;
			sourceTree = "<group>";
		};
		D900B2251EADDE9F00C1A077 /* Utils */ = {
			isa = PBXGroup;
			children = (
				D900B2261EADDEB500C1A077 /* Util.swift */,
				D9050F7D1EAF395400D8E9AD /* Constants.swift */,
			);
			name = Utils;
			sourceTree = "<group>";
		};
		D900B2281EAE3FB300C1A077 /* AirportSearch */ = {
			isa = PBXGroup;
			children = (
				D91306151EB7709D000372DA /* Cell */,
				D900B2291EAE400700C1A077 /* AirportSearchViewController.swift */,
				D900B22B1EAE402500C1A077 /* AirportSearchViewModel.swift */,
				D900B22D1EAE403C00C1A077 /* AirportSearchView.xib */,
			);
			name = AirportSearch;
			sourceTree = "<group>";
		};
		D91306151EB7709D000372DA /* Cell */ = {
			isa = PBXGroup;
			children = (
				D91306161EB770C3000372DA /* AirportSearchViewCell.swift */,
				D91306181EB770CE000372DA /* AirportSearchViewCell.xib */,
			);
			name = Cell;
			sourceTree = "<group>";
		};
		D913061A1EB78924000372DA /* JSON */ = {
			isa = PBXGroup;
			children = (
				D913061B1EB7894A000372DA /* airports.json */,
			);
			name = JSON;
			sourceTree = "<group>";
		};
		D914E6A41EA6A2F2005C4541 = {
			isa = PBXGroup;
			children = (
				D914E6AF1EA6A2F2005C4541 /* MyFlightSearchApp */,
				D914E6AE1EA6A2F2005C4541 /* Products */,
				7FCF63169D4A9792C5794293 /* Pods */,
				F127408DC0AC317D8CF9D521 /* Frameworks */,
			);
			sourceTree = "<group>";
		};
		D914E6AE1EA6A2F2005C4541 /* Products */ = {
			isa = PBXGroup;
			children = (
				D914E6AD1EA6A2F2005C4541 /* MyFlightSearchApp.app */,
			);
			name = Products;
			sourceTree = "<group>";
		};
		D914E6AF1EA6A2F2005C4541 /* MyFlightSearchApp */ = {
			isa = PBXGroup;
			children = (
				D917E1DC1EA8D78C002E345A /* Ressources */,
				D914E6C31EA6A3DF005C4541 /* Common */,
				D914E6C21EA6A3D9005C4541 /* Classes */,
				D914E6B01EA6A2F2005C4541 /* AppDelegate.swift */,
				D914E6B71EA6A2F2005C4541 /* Assets.xcassets */,
				D914E6B91EA6A2F2005C4541 /* LaunchScreen.storyboard */,
				D914E6BC1EA6A2F2005C4541 /* Info.plist */,
			);
			path = MyFlightSearchApp;
			sourceTree = "<group>";
		};
		D914E6C21EA6A3D9005C4541 /* Classes */ = {
			isa = PBXGroup;
			children = (
				D900B2281EAE3FB300C1A077 /* AirportSearch */,
				D914E6C81EA6A410005C4541 /* Main */,
				D914E6C71EA6A406005C4541 /* FlightSearch */,
			);
			name = Classes;
			sourceTree = "<group>";
		};
		D914E6C31EA6A3DF005C4541 /* Common */ = {
			isa = PBXGroup;
			children = (
				D914E6C41EA6A3E7005C4541 /* Remote */,
				D900B2251EADDE9F00C1A077 /* Utils */,
			);
			name = Common;
			sourceTree = "<group>";
		};
		D914E6C41EA6A3E7005C4541 /* Remote */ = {
			isa = PBXGroup;
			children = (
				D914E6C61EA6A400005C4541 /* Model */,
				D914E6C51EA6A3FA005C4541 /* Parser */,
			);
			name = Remote;
			sourceTree = "<group>";
		};
		D914E6C51EA6A3FA005C4541 /* Parser */ = {
			isa = PBXGroup;
			children = (
				D914E6D41EA6A516005C4541 /* TripParser.swift */,
				D90CD7291EAD0F4500AB2CF9 /* AirportParser.swift */,
				D914E6D21EA6A507005C4541 /* Parser.swift */,
			);
			name = Parser;
			sourceTree = "<group>";
		};
		D914E6C61EA6A400005C4541 /* Model */ = {
			isa = PBXGroup;
			children = (
				D914E6D01EA6A4DB005C4541 /* Trip.swift */,
				D90CD7271EAD0E8100AB2CF9 /* Airport.swift */,
			);
			name = Model;
			sourceTree = "<group>";
		};
		D914E6C71EA6A406005C4541 /* FlightSearch */ = {
			isa = PBXGroup;
			children = (
				D914E6DC1EA6A75C005C4541 /* Cell */,
				D914E6D81EA6A6E0005C4541 /* FlightSearchViewController.swift */,
				D914E6D61EA6A6CC005C4541 /* FlightSearchViewModel.swift */,
				D914E6DA1EA6A6FD005C4541 /* FlightSearchView.xib */,
			);
			name = FlightSearch;
			sourceTree = "<group>";
		};
		D914E6C81EA6A410005C4541 /* Main */ = {
			isa = PBXGroup;
			children = (
				D914E6C91EA6A432005C4541 /* MainViewController.swift */,
				D914E6CD1EA6A459005C4541 /* MainViewModel.swift */,
				D914E6CB1EA6A440005C4541 /* MainView.xib */,
			);
			name = Main;
			sourceTree = "<group>";
		};
		D914E6DC1EA6A75C005C4541 /* Cell */ = {
			isa = PBXGroup;
			children = (
				D914E6DD1EA6A784005C4541 /* FlightSearchCell.swift */,
				D914E6DF1EA6A78F005C4541 /* FlightSearchCell.xib */,
			);
			name = Cell;
			sourceTree = "<group>";
		};
		D917E1DC1EA8D78C002E345A /* Ressources */ = {
			isa = PBXGroup;
			children = (
				D917E1DD1EA8D7AE002E345A /* Images */,
				D913061A1EB78924000372DA /* JSON */,
			);
			name = Ressources;
			sourceTree = "<group>";
		};
		D917E1DD1EA8D7AE002E345A /* Images */ = {
			isa = PBXGroup;
			children = (
				D917E1DE1EA8D7B5002E345A /* Icons */,
			);
			name = Images;
			sourceTree = "<group>";
		};
		D917E1DE1EA8D7B5002E345A /* Icons */ = {
			isa = PBXGroup;
			children = (
				D917E1DF1EA8D906002E345A /* Airplane.png */,
				D917E1E01EA8D906002E345A /* Airplane@2x.png */,
				D917E1E11EA8D906002E345A /* Airplane@3x.png */,
				D9197BB11EBA08AA005C8878 /* Delete.png */,
				D9197BB21EBA08AA005C8878 /* Delete@2x.png */,
				D9197BB31EBA08AA005C8878 /* Delete@3x.png */,
				D947B4661EBF711B00DE007A /* Minus.png */,
				D947B4671EBF711B00DE007A /* Minus@2x.png */,
				D947B4681EBF711B00DE007A /* Minus@3x.png */,
				D947B4841EBFDB9400DE007A /* Minus-disabled.png */,
				D947B4851EBFDB9400DE007A /* Minus-disabled@2x.png */,
				D947B4861EBFDB9400DE007A /* Minus-disabled@3x.png */,
				D947B4691EBF711B00DE007A /* Plus.png */,
				D947B46A1EBF711B00DE007A /* Plus@2x.png */,
				D947B46B1EBF711B00DE007A /* Plus@3x.png */,
				D947B4781EBFAFE400DE007A /* Plus-disabled.png */,
				D947B4791EBFAFE400DE007A /* Plus-disabled@2x.png */,
				D947B47A1EBFAFE400DE007A /* Plus-disabled@3x.png */,
			);
			name = Icons;
			sourceTree = "<group>";
		};
		F127408DC0AC317D8CF9D521 /* Frameworks */ = {
			isa = PBXGroup;
			children = (
				F6580ED964328D0C76C733DC /* Pods_MyFlightSearchApp.framework */,
			);
			name = Frameworks;
			sourceTree = "<group>";
		};
/* End PBXGroup section */

/* Begin PBXNativeTarget section */
		D914E6AC1EA6A2F2005C4541 /* MyFlightSearchApp */ = {
			isa = PBXNativeTarget;
			buildConfigurationList = D914E6BF1EA6A2F2005C4541 /* Build configuration list for PBXNativeTarget "MyFlightSearchApp" */;
			buildPhases = (
				C03DAEFB592E3FE929FFE4AC /* [CP] Check Pods Manifest.lock */,
				D914E6A91EA6A2F2005C4541 /* Sources */,
				D914E6AA1EA6A2F2005C4541 /* Frameworks */,
				D914E6AB1EA6A2F2005C4541 /* Resources */,
				2E5F787FBB2613928C93BD02 /* [CP] Embed Pods Frameworks */,
				E6ED0E309CD6D01F3DD0138F /* [CP] Copy Pods Resources */,
			);
			buildRules = (
			);
			dependencies = (
			);
			name = MyFlightSearchApp;
			productName = MyFlightSearchApp;
			productReference = D914E6AD1EA6A2F2005C4541 /* MyFlightSearchApp.app */;
			productType = "com.apple.product-type.application";
		};
/* End PBXNativeTarget section */

/* Begin PBXProject section */
		D914E6A51EA6A2F2005C4541 /* Project object */ = {
			isa = PBXProject;
			attributes = {
				LastSwiftUpdateCheck = 0830;
				LastUpgradeCheck = 0830;
				ORGANIZATIONNAME = "Christophe Foucan";
				TargetAttributes = {
					D914E6AC1EA6A2F2005C4541 = {
						CreatedOnToolsVersion = 8.3;
						DevelopmentTeam = 4D644G77ZS;
						ProvisioningStyle = Automatic;
					};
				};
			};
			buildConfigurationList = D914E6A81EA6A2F2005C4541 /* Build configuration list for PBXProject "MyFlightSearchApp" */;
			compatibilityVersion = "Xcode 3.2";
			developmentRegion = English;
			hasScannedForEncodings = 0;
			knownRegions = (
				en,
				Base,
			);
			mainGroup = D914E6A41EA6A2F2005C4541;
			productRefGroup = D914E6AE1EA6A2F2005C4541 /* Products */;
			projectDirPath = "";
			projectRoot = "";
			targets = (
				D914E6AC1EA6A2F2005C4541 /* MyFlightSearchApp */,
			);
		};
/* End PBXProject section */

/* Begin PBXResourcesBuildPhase section */
		D914E6AB1EA6A2F2005C4541 /* Resources */ = {
			isa = PBXResourcesBuildPhase;
			buildActionMask = 2147483647;
			files = (
				D947B46C1EBF711B00DE007A /* Minus.png in Resources */,
				D9197BB41EBA08AA005C8878 /* Delete.png in Resources */,
				D914E6DB1EA6A6FD005C4541 /* FlightSearchView.xib in Resources */,
				D917E1E41EA8D906002E345A /* Airplane@3x.png in Resources */,
				D917E1E31EA8D906002E345A /* Airplane@2x.png in Resources */,
				D947B4711EBF711B00DE007A /* Plus@3x.png in Resources */,
				D947B4871EBFDB9400DE007A /* Minus-disabled.png in Resources */,
				D947B46D1EBF711B00DE007A /* Minus@2x.png in Resources */,
				D947B47D1EBFAFE400DE007A /* Plus-disabled@3x.png in Resources */,
				D914E6CC1EA6A440005C4541 /* MainView.xib in Resources */,
				D91306191EB770CE000372DA /* AirportSearchViewCell.xib in Resources */,
				D913061C1EB7894A000372DA /* airports.json in Resources */,
				D947B46F1EBF711B00DE007A /* Plus.png in Resources */,
				D914E6BB1EA6A2F2005C4541 /* LaunchScreen.storyboard in Resources */,
				D9197BB61EBA08AA005C8878 /* Delete@3x.png in Resources */,
				D914E6E01EA6A78F005C4541 /* FlightSearchCell.xib in Resources */,
				D9197BB51EBA08AA005C8878 /* Delete@2x.png in Resources */,
				D914E6B81EA6A2F2005C4541 /* Assets.xcassets in Resources */,
				D947B47B1EBFAFE400DE007A /* Plus-disabled.png in Resources */,
				D900B22E1EAE403C00C1A077 /* AirportSearchView.xib in Resources */,
				D947B4701EBF711B00DE007A /* Plus@2x.png in Resources */,
				D947B46E1EBF711B00DE007A /* Minus@3x.png in Resources */,
				D947B47C1EBFAFE400DE007A /* Plus-disabled@2x.png in Resources */,
				D917E1E21EA8D906002E345A /* Airplane.png in Resources */,
				D947B4891EBFDB9400DE007A /* Minus-disabled@3x.png in Resources */,
				D947B4881EBFDB9400DE007A /* Minus-disabled@2x.png in Resources */,
			);
			runOnlyForDeploymentPostprocessing = 0;
		};
/* End PBXResourcesBuildPhase section */

/* Begin PBXShellScriptBuildPhase section */
		2E5F787FBB2613928C93BD02 /* [CP] Embed Pods Frameworks */ = {
			isa = PBXShellScriptBuildPhase;
			buildActionMask = 2147483647;
			files = (
			);
			inputPaths = (
			);
			name = "[CP] Embed Pods Frameworks";
			outputPaths = (
			);
			runOnlyForDeploymentPostprocessing = 0;
			shellPath = /bin/sh;
			shellScript = "\"${SRCROOT}/Pods/Target Support Files/Pods-MyFlightSearchApp/Pods-MyFlightSearchApp-frameworks.sh\"\n";
			showEnvVarsInLog = 0;
		};
		C03DAEFB592E3FE929FFE4AC /* [CP] Check Pods Manifest.lock */ = {
			isa = PBXShellScriptBuildPhase;
			buildActionMask = 2147483647;
			files = (
			);
			inputPaths = (
			);
			name = "[CP] Check Pods Manifest.lock";
			outputPaths = (
			);
			runOnlyForDeploymentPostprocessing = 0;
			shellPath = /bin/sh;
			shellScript = "diff \"${PODS_ROOT}/../Podfile.lock\" \"${PODS_ROOT}/Manifest.lock\" > /dev/null\nif [ $? != 0 ] ; then\n    # print error to STDERR\n    echo \"error: The sandbox is not in sync with the Podfile.lock. Run 'pod install' or update your CocoaPods installation.\" >&2\n    exit 1\nfi\n";
			showEnvVarsInLog = 0;
		};
		E6ED0E309CD6D01F3DD0138F /* [CP] Copy Pods Resources */ = {
			isa = PBXShellScriptBuildPhase;
			buildActionMask = 2147483647;
			files = (
			);
			inputPaths = (
			);
			name = "[CP] Copy Pods Resources";
			outputPaths = (
			);
			runOnlyForDeploymentPostprocessing = 0;
			shellPath = /bin/sh;
			shellScript = "\"${SRCROOT}/Pods/Target Support Files/Pods-MyFlightSearchApp/Pods-MyFlightSearchApp-resources.sh\"\n";
			showEnvVarsInLog = 0;
		};
/* End PBXShellScriptBuildPhase section */

/* Begin PBXSourcesBuildPhase section */
		D914E6A91EA6A2F2005C4541 /* Sources */ = {
			isa = PBXSourcesBuildPhase;
			buildActionMask = 2147483647;
			files = (
				D900B22C1EAE402500C1A077 /* AirportSearchViewModel.swift in Sources */,
				D914E6DE1EA6A784005C4541 /* FlightSearchCell.swift in Sources */,
				D914E6D11EA6A4DB005C4541 /* Trip.swift in Sources */,
				D914E6D51EA6A516005C4541 /* TripParser.swift in Sources */,
				D914E6D71EA6A6CC005C4541 /* FlightSearchViewModel.swift in Sources */,
				D9050F7E1EAF395400D8E9AD /* Constants.swift in Sources */,
				D914E6B11EA6A2F2005C4541 /* AppDelegate.swift in Sources */,
				D90CD72A1EAD0F4500AB2CF9 /* AirportParser.swift in Sources */,
				D91306171EB770C3000372DA /* AirportSearchViewCell.swift in Sources */,
				D90CD7281EAD0E8100AB2CF9 /* Airport.swift in Sources */,
				D900B2271EADDEB500C1A077 /* Util.swift in Sources */,
				D914E6D91EA6A6E0005C4541 /* FlightSearchViewController.swift in Sources */,
				D914E6D31EA6A507005C4541 /* Parser.swift in Sources */,
				D914E6CA1EA6A432005C4541 /* MainViewController.swift in Sources */,
				D914E6CE1EA6A459005C4541 /* MainViewModel.swift in Sources */,
				D900B22A1EAE400700C1A077 /* AirportSearchViewController.swift in Sources */,
			);
			runOnlyForDeploymentPostprocessing = 0;
		};
/* End PBXSourcesBuildPhase section */

/* Begin PBXVariantGroup section */
		D914E6B91EA6A2F2005C4541 /* LaunchScreen.storyboard */ = {
			isa = PBXVariantGroup;
			children = (
				D914E6BA1EA6A2F2005C4541 /* Base */,
			);
			name = LaunchScreen.storyboard;
			sourceTree = "<group>";
		};
/* End PBXVariantGroup section */

/* Begin XCBuildConfiguration section */
		D914E6BD1EA6A2F2005C4541 /* Debug */ = {
			isa = XCBuildConfiguration;
			buildSettings = {
				ALWAYS_SEARCH_USER_PATHS = NO;
				CLANG_ANALYZER_NONNULL = YES;
				CLANG_ANALYZER_NUMBER_OBJECT_CONVERSION = YES_AGGRESSIVE;
				CLANG_CXX_LANGUAGE_STANDARD = "gnu++0x";
				CLANG_CXX_LIBRARY = "libc++";
				CLANG_ENABLE_MODULES = YES;
				CLANG_ENABLE_OBJC_ARC = YES;
				CLANG_WARN_BOOL_CONVERSION = YES;
				CLANG_WARN_CONSTANT_CONVERSION = YES;
				CLANG_WARN_DIRECT_OBJC_ISA_USAGE = YES_ERROR;
				CLANG_WARN_DOCUMENTATION_COMMENTS = YES;
				CLANG_WARN_EMPTY_BODY = YES;
				CLANG_WARN_ENUM_CONVERSION = YES;
				CLANG_WARN_INFINITE_RECURSION = YES;
				CLANG_WARN_INT_CONVERSION = YES;
				CLANG_WARN_OBJC_ROOT_CLASS = YES_ERROR;
				CLANG_WARN_SUSPICIOUS_MOVE = YES;
				CLANG_WARN_UNREACHABLE_CODE = YES;
				CLANG_WARN__DUPLICATE_METHOD_MATCH = YES;
				"CODE_SIGN_IDENTITY[sdk=iphoneos*]" = "iPhone Developer";
				COPY_PHASE_STRIP = NO;
				DEBUG_INFORMATION_FORMAT = dwarf;
				ENABLE_STRICT_OBJC_MSGSEND = YES;
				ENABLE_TESTABILITY = YES;
				GCC_C_LANGUAGE_STANDARD = gnu99;
				GCC_DYNAMIC_NO_PIC = NO;
				GCC_NO_COMMON_BLOCKS = YES;
				GCC_OPTIMIZATION_LEVEL = 0;
				GCC_PREPROCESSOR_DEFINITIONS = (
					"DEBUG=1",
					"$(inherited)",
				);
				GCC_WARN_64_TO_32_BIT_CONVERSION = YES;
				GCC_WARN_ABOUT_RETURN_TYPE = YES_ERROR;
				GCC_WARN_UNDECLARED_SELECTOR = YES;
				GCC_WARN_UNINITIALIZED_AUTOS = YES_AGGRESSIVE;
				GCC_WARN_UNUSED_FUNCTION = YES;
				GCC_WARN_UNUSED_VARIABLE = YES;
				IPHONEOS_DEPLOYMENT_TARGET = 10.2;
				MTL_ENABLE_DEBUG_INFO = YES;
				ONLY_ACTIVE_ARCH = YES;
				SDKROOT = iphoneos;
				SWIFT_ACTIVE_COMPILATION_CONDITIONS = DEBUG;
				SWIFT_OPTIMIZATION_LEVEL = "-Onone";
				TARGETED_DEVICE_FAMILY = "1,2";
			};
			name = Debug;
		};
		D914E6BE1EA6A2F2005C4541 /* Release */ = {
			isa = XCBuildConfiguration;
			buildSettings = {
				ALWAYS_SEARCH_USER_PATHS = NO;
				CLANG_ANALYZER_NONNULL = YES;
				CLANG_ANALYZER_NUMBER_OBJECT_CONVERSION = YES_AGGRESSIVE;
				CLANG_CXX_LANGUAGE_STANDARD = "gnu++0x";
				CLANG_CXX_LIBRARY = "libc++";
				CLANG_ENABLE_MODULES = YES;
				CLANG_ENABLE_OBJC_ARC = YES;
				CLANG_WARN_BOOL_CONVERSION = YES;
				CLANG_WARN_CONSTANT_CONVERSION = YES;
				CLANG_WARN_DIRECT_OBJC_ISA_USAGE = YES_ERROR;
				CLANG_WARN_DOCUMENTATION_COMMENTS = YES;
				CLANG_WARN_EMPTY_BODY = YES;
				CLANG_WARN_ENUM_CONVERSION = YES;
				CLANG_WARN_INFINITE_RECURSION = YES;
				CLANG_WARN_INT_CONVERSION = YES;
				CLANG_WARN_OBJC_ROOT_CLASS = YES_ERROR;
				CLANG_WARN_SUSPICIOUS_MOVE = YES;
				CLANG_WARN_UNREACHABLE_CODE = YES;
				CLANG_WARN__DUPLICATE_METHOD_MATCH = YES;
				"CODE_SIGN_IDENTITY[sdk=iphoneos*]" = "iPhone Developer";
				COPY_PHASE_STRIP = NO;
				DEBUG_INFORMATION_FORMAT = "dwarf-with-dsym";
				ENABLE_NS_ASSERTIONS = NO;
				ENABLE_STRICT_OBJC_MSGSEND = YES;
				GCC_C_LANGUAGE_STANDARD = gnu99;
				GCC_NO_COMMON_BLOCKS = YES;
				GCC_WARN_64_TO_32_BIT_CONVERSION = YES;
				GCC_WARN_ABOUT_RETURN_TYPE = YES_ERROR;
				GCC_WARN_UNDECLARED_SELECTOR = YES;
				GCC_WARN_UNINITIALIZED_AUTOS = YES_AGGRESSIVE;
				GCC_WARN_UNUSED_FUNCTION = YES;
				GCC_WARN_UNUSED_VARIABLE = YES;
				IPHONEOS_DEPLOYMENT_TARGET = 10.2;
				MTL_ENABLE_DEBUG_INFO = NO;
				SDKROOT = iphoneos;
				SWIFT_OPTIMIZATION_LEVEL = "-Owholemodule";
				TARGETED_DEVICE_FAMILY = "1,2";
				VALIDATE_PRODUCT = YES;
			};
			name = Release;
		};
		D914E6C01EA6A2F2005C4541 /* Debug */ = {
			isa = XCBuildConfiguration;
			baseConfigurationReference = 38767B5668724C03B938B8FF /* Pods-MyFlightSearchApp.debug.xcconfig */;
			buildSettings = {
				ALWAYS_EMBED_SWIFT_STANDARD_LIBRARIES = YES;
				ASSETCATALOG_COMPILER_APPICON_NAME = AppIcon;
				DEVELOPMENT_TEAM = 4D644G77ZS;
				INFOPLIST_FILE = MyFlightSearchApp/Info.plist;
				LD_RUNPATH_SEARCH_PATHS = "$(inherited) @executable_path/Frameworks";
				PRODUCT_BUNDLE_IDENTIFIER = com.foucanc.MyFlightSearchApp;
				PRODUCT_NAME = "$(TARGET_NAME)";
				SWIFT_VERSION = 3.0;
			};
			name = Debug;
		};
		D914E6C11EA6A2F2005C4541 /* Release */ = {
			isa = XCBuildConfiguration;
			baseConfigurationReference = 2EB42EEDB8FC06FCFB1FD387 /* Pods-MyFlightSearchApp.release.xcconfig */;
			buildSettings = {
				ALWAYS_EMBED_SWIFT_STANDARD_LIBRARIES = YES;
				ASSETCATALOG_COMPILER_APPICON_NAME = AppIcon;
				DEVELOPMENT_TEAM = 4D644G77ZS;
				INFOPLIST_FILE = MyFlightSearchApp/Info.plist;
				LD_RUNPATH_SEARCH_PATHS = "$(inherited) @executable_path/Frameworks";
				PRODUCT_BUNDLE_IDENTIFIER = com.foucanc.MyFlightSearchApp;
				PRODUCT_NAME = "$(TARGET_NAME)";
				SWIFT_VERSION = 3.0;
			};
			name = Release;
		};
/* End XCBuildConfiguration section */

/* Begin XCConfigurationList section */
		D914E6A81EA6A2F2005C4541 /* Build configuration list for PBXProject "MyFlightSearchApp" */ = {
			isa = XCConfigurationList;
			buildConfigurations = (
				D914E6BD1EA6A2F2005C4541 /* Debug */,
				D914E6BE1EA6A2F2005C4541 /* Release */,
			);
			defaultConfigurationIsVisible = 0;
			defaultConfigurationName = Release;
		};
		D914E6BF1EA6A2F2005C4541 /* Build configuration list for PBXNativeTarget "MyFlightSearchApp" */ = {
			isa = XCConfigurationList;
			buildConfigurations = (
				D914E6C01EA6A2F2005C4541 /* Debug */,
				D914E6C11EA6A2F2005C4541 /* Release */,
			);
			defaultConfigurationIsVisible = 0;
			defaultConfigurationName = Release;
		};
/* End XCConfigurationList section */
	};
	rootObject = D914E6A51EA6A2F2005C4541 /* Project object */;
}
